dependencies:
  fbseletronica/relay:
    component_hash: 82e54f041f6cf96d1039c358eb38ccdf2ad3a248ff142e8d0d3e748dc2984103
    dependencies:
    - name: idf
      require: private
      version: '>=5.0.0'
    source:
      registry_url: https://components.espressif.com/
      type: service
    version: 1.0.1
  idf:
    source:
      type: idf
    version: 5.2.3
  nopnop2002/ssd1306:
    component_hash: 12ea0a38661a247c9a173b9f988270619b9a5e5ea804c396debaa1f7463a9bfe
    dependencies: []
    source:
      git: https://github.com/nopnop2002/esp-idf-ssd1306.git
      path: components/ssd1306/
      type: git
    version: 618e681e2ee2ac3a8ebb816b17713bc23ff8ffa1
direct_dependencies:
- fbseletronica/relay
- idf
- nopnop2002/ssd1306
manifest_hash: 9a102b855bcdc513dab984bedfcf339403cb828bf290b76e0b6fb6404f9e45db
target: esp32s2
version: 2.0.0
